{
  "version": 4,
  "terraform_version": "0.12.13",
  "serial": 11,
  "lineage": "07deaa67-fa95-e2b0-22ee-a85407cd80cc",
  "outputs": {},
  "resources": [
    {
      "module": "module.vpc",
      "mode": "data",
      "type": "flexibleengine_vpc_subnet_v1",
      "name": "nat_gateway_subnet",
      "each": "list",
      "provider": "provider.flexibleengine",
      "instances": [
        {
          "index_key": 0,
          "schema_version": 0,
          "attributes": {
            "availability_zone": "",
            "cidr": "10.0.1.0/24",
            "dhcp_enable": true,
            "dns_list": [
              "100.125.0.41",
              "100.126.0.41"
            ],
            "gateway_ip": "10.0.1.1",
            "id": "608c86ae-c8df-4754-b1c0-38f2746bc379",
            "name": "subnet-0",
            "primary_dns": "100.125.0.41",
            "region": "eu-west-0",
            "secondary_dns": "100.126.0.41",
            "status": "ACTIVE",
            "subnet_id": "2ff8aaee-a973-4600-957e-ec0b4a89b20d",
            "vpc_id": "03bf2942-4322-4d1f-aecf-047ff80cb62b"
          },
          "depends_on": [
            "flexibleengine_vpc_subnet_v1.vpc_subnets"
          ]
        }
      ]
    },
    {
      "module": "module.vpc",
      "mode": "data",
      "type": "flexibleengine_vpc_subnet_v1",
      "name": "snat_subnets",
      "each": "list",
      "provider": "provider.flexibleengine",
      "instances": [
        {
          "index_key": 0,
          "schema_version": 0,
          "attributes": {
            "availability_zone": "",
            "cidr": "10.0.1.0/24",
            "dhcp_enable": true,
            "dns_list": [
              "100.125.0.41",
              "100.126.0.41"
            ],
            "gateway_ip": "10.0.1.1",
            "id": "608c86ae-c8df-4754-b1c0-38f2746bc379",
            "name": "subnet-0",
            "primary_dns": "100.125.0.41",
            "region": "eu-west-0",
            "secondary_dns": "100.126.0.41",
            "status": "ACTIVE",
            "subnet_id": "2ff8aaee-a973-4600-957e-ec0b4a89b20d",
            "vpc_id": "03bf2942-4322-4d1f-aecf-047ff80cb62b"
          },
          "depends_on": [
            "flexibleengine_vpc_subnet_v1.vpc_subnets"
          ]
        }
      ]
    },
    {
      "module": "module.vpc",
      "mode": "managed",
      "type": "flexibleengine_nat_gateway_v2",
      "name": "nat_gateway",
      "each": "list",
      "provider": "provider.flexibleengine",
      "instances": [
        {
          "index_key": 0,
          "schema_version": 0,
          "attributes": {
            "description": "",
            "id": "bc2be904-a9de-48ed-9718-5688b611e768",
            "internal_network_id": "608c86ae-c8df-4754-b1c0-38f2746bc379",
            "name": "natg-0",
            "region": "eu-west-0",
            "router_id": "03bf2942-4322-4d1f-aecf-047ff80cb62b",
            "spec": "1",
            "tenant_id": "9556c437d0d54a72a7ac14356b64c9dd",
            "timeouts": null
          },
          "private": "eyJlMmJmYjczMC1lY2FhLTExZTYtOGY4OC0zNDM2M2JjN2M0YzAiOnsiY3JlYXRlIjo2MDAwMDAwMDAwMDAsImRlbGV0ZSI6NjAwMDAwMDAwMDAwfX0=",
          "depends_on": [
            "data.flexibleengine_vpc_subnet_v1.nat_gateway_subnet[0]",
            "flexibleengine_vpc_v1.vpc[0]"
          ]
        }
      ]
    },
    {
      "module": "module.vpc",
      "mode": "managed",
      "type": "flexibleengine_nat_snat_rule_v2",
      "name": "snat",
      "each": "list",
      "provider": "provider.flexibleengine",
      "instances": [
        {
          "index_key": 0,
          "schema_version": 0,
          "attributes": {
            "floating_ip_id": "16993536-f1ff-40e0-b579-29ef40f02b5a",
            "id": "83045413-b479-4418-b364-1a3e86f70dcd",
            "nat_gateway_id": "bc2be904-a9de-48ed-9718-5688b611e768",
            "network_id": "608c86ae-c8df-4754-b1c0-38f2746bc379",
            "region": "eu-west-0",
            "timeouts": null
          },
          "private": "eyJlMmJmYjczMC1lY2FhLTExZTYtOGY4OC0zNDM2M2JjN2M0YzAiOnsiY3JlYXRlIjo2MDAwMDAwMDAwMDAsImRlbGV0ZSI6NjAwMDAwMDAwMDAwfX0=",
          "depends_on": [
            "data.flexibleengine_vpc_subnet_v1.snat_subnets",
            "flexibleengine_nat_gateway_v2.nat_gateway[0]",
            "flexibleengine_networking_floatingip_v2.eip[0]"
          ]
        }
      ]
    },
    {
      "module": "module.vpc",
      "mode": "managed",
      "type": "flexibleengine_networking_floatingip_v2",
      "name": "eip",
      "each": "list",
      "provider": "provider.flexibleengine",
      "instances": [
        {
          "index_key": 0,
          "schema_version": 0,
          "attributes": {
            "address": "90.84.195.61",
            "fixed_ip": "",
            "id": "16993536-f1ff-40e0-b579-29ef40f02b5a",
            "pool": "admin_external_net",
            "port_id": "",
            "region": "eu-west-0",
            "tenant_id": "9556c437d0d54a72a7ac14356b64c9dd",
            "timeouts": null,
            "value_specs": null
          },
          "private": "eyJlMmJmYjczMC1lY2FhLTExZTYtOGY4OC0zNDM2M2JjN2M0YzAiOnsiY3JlYXRlIjo2MDAwMDAwMDAwMDAsImRlbGV0ZSI6NjAwMDAwMDAwMDAwfX0="
        }
      ]
    },
    {
      "module": "module.vpc",
      "mode": "managed",
      "type": "flexibleengine_vpc_subnet_v1",
      "name": "vpc_subnets",
      "each": "list",
      "provider": "provider.flexibleengine",
      "instances": [
        {
          "index_key": 0,
          "schema_version": 0,
          "attributes": {
            "availability_zone": "",
            "cidr": "10.0.1.0/24",
            "dhcp_enable": true,
            "dns_list": [
              "100.125.0.41",
              "100.126.0.41"
            ],
            "gateway_ip": "10.0.1.1",
            "id": "608c86ae-c8df-4754-b1c0-38f2746bc379",
            "name": "subnet-0",
            "primary_dns": "100.125.0.41",
            "region": "eu-west-0",
            "secondary_dns": "100.126.0.41",
            "subnet_id": "2ff8aaee-a973-4600-957e-ec0b4a89b20d",
            "timeouts": null,
            "vpc_id": "03bf2942-4322-4d1f-aecf-047ff80cb62b"
          },
          "private": "eyJlMmJmYjczMC1lY2FhLTExZTYtOGY4OC0zNDM2M2JjN2M0YzAiOnsiY3JlYXRlIjo2MDAwMDAwMDAwMDAsImRlbGV0ZSI6NjAwMDAwMDAwMDAwfX0=",
          "depends_on": [
            "flexibleengine_vpc_v1.vpc[0]"
          ]
        },
        {
          "index_key": 1,
          "schema_version": 0,
          "attributes": {
            "availability_zone": "",
            "cidr": "10.0.2.0/24",
            "dhcp_enable": true,
            "dns_list": [
              "100.125.0.41",
              "100.126.0.41"
            ],
            "gateway_ip": "10.0.2.1",
            "id": "0ee38200-fc1a-4eb1-a077-6be86aa0bf96",
            "name": "subnet-1",
            "primary_dns": "100.125.0.41",
            "region": "eu-west-0",
            "secondary_dns": "100.126.0.41",
            "subnet_id": "14f63fd2-938f-4e6b-9a31-c2d8ec90ffe9",
            "timeouts": null,
            "vpc_id": "03bf2942-4322-4d1f-aecf-047ff80cb62b"
          },
          "private": "eyJlMmJmYjczMC1lY2FhLTExZTYtOGY4OC0zNDM2M2JjN2M0YzAiOnsiY3JlYXRlIjo2MDAwMDAwMDAwMDAsImRlbGV0ZSI6NjAwMDAwMDAwMDAwfX0=",
          "depends_on": [
            "flexibleengine_vpc_v1.vpc[0]"
          ]
        }
      ]
    },
    {
      "module": "module.vpc",
      "mode": "managed",
      "type": "flexibleengine_vpc_v1",
      "name": "vpc",
      "each": "list",
      "provider": "provider.flexibleengine",
      "instances": [
        {
          "index_key": 0,
          "schema_version": 0,
          "attributes": {
            "cidr": "10.0.0.0/16",
            "id": "03bf2942-4322-4d1f-aecf-047ff80cb62b",
            "name": "vpc_example",
            "region": "eu-west-0",
            "shared": false,
            "status": "OK",
            "timeouts": null
          },
          "private": "eyJlMmJmYjczMC1lY2FhLTExZTYtOGY4OC0zNDM2M2JjN2M0YzAiOnsiY3JlYXRlIjo2MDAwMDAwMDAwMDAsImRlbGV0ZSI6MTgwMDAwMDAwMDAwfX0="
        }
      ]
    }
  ]
}
